// !$*UTF8*$!
{
	archiveVersion = 1;
	classes = {
	};
	objectVersion = 46;
	objects = {

/* Begin PBXBuildFile section */
		93010E3A19BA168D00751375 /* rcktPickerTableViewCell.m in Sources */ = {isa = PBXBuildFile; fileRef = 93010E3919BA168D00751375 /* rcktPickerTableViewCell.m */; };
		9303E9D21960997E00BAF3B2 /* rcktSplashViewController.m in Sources */ = {isa = PBXBuildFile; fileRef = 9303E9D11960997E00BAF3B2 /* rcktSplashViewController.m */; };
		93082D9D1979B1BD00465F68 /* rckt.m in Sources */ = {isa = PBXBuildFile; fileRef = 93082D9C1979B1BD00465F68 /* rckt.m */; };
		93082DA81979C40E00465F68 /* rcktLabelTableViewCell.m in Sources */ = {isa = PBXBuildFile; fileRef = 93082DA71979C40E00465F68 /* rcktLabelTableViewCell.m */; };
		93082DB21979CE9E00465F68 /* rcktSettingsDetailViewController.m in Sources */ = {isa = PBXBuildFile; fileRef = 93082DB11979CE9E00465F68 /* rcktSettingsDetailViewController.m */; };
		93082DB51979D53200465F68 /* rcktLightsDetailViewController.m in Sources */ = {isa = PBXBuildFile; fileRef = 93082DB41979D53200465F68 /* rcktLightsDetailViewController.m */; };
		93082DBE1979D55E00465F68 /* rcktScenariosDetailViewController.m in Sources */ = {isa = PBXBuildFile; fileRef = 93082DBD1979D55E00465F68 /* rcktScenariosDetailViewController.m */; };
		9308E8F719B39E8C00756CC6 /* rcktLightTableViewCell.m in Sources */ = {isa = PBXBuildFile; fileRef = 9308E8F619B39E8C00756CC6 /* rcktLightTableViewCell.m */; };
		930BAE6219B8D0D3008447E3 /* rcktSceneTableViewCell.m in Sources */ = {isa = PBXBuildFile; fileRef = 930BAE6119B8D0D3008447E3 /* rcktSceneTableViewCell.m */; };
		930D6FB4197851810073D6BD /* rcktStringTableViewCell.m in Sources */ = {isa = PBXBuildFile; fileRef = 930D6FB3197851810073D6BD /* rcktStringTableViewCell.m */; };
		930D6FBD197873730073D6BD /* rcktRootTableViewController.m in Sources */ = {isa = PBXBuildFile; fileRef = 930D6FBC197873730073D6BD /* rcktRootTableViewController.m */; };
		930FEF3119B78B9C001AC958 /* rcktColorPickerView.m in Sources */ = {isa = PBXBuildFile; fileRef = 930FEF3019B78B9C001AC958 /* rcktColorPickerView.m */; };
		93206CE21A0F9E8200784062 /* rcktCamerasViewController.m in Sources */ = {isa = PBXBuildFile; fileRef = 93206CE11A0F9E8200784062 /* rcktCamerasViewController.m */; };
		93250D051A6542C900C2AAB6 /* rcktDoorbellViewController.m in Sources */ = {isa = PBXBuildFile; fileRef = 93250D041A6542C900C2AAB6 /* rcktDoorbellViewController.m */; };
		93250D081A654BBB00C2AAB6 /* rcktMessageTableViewCell.m in Sources */ = {isa = PBXBuildFile; fileRef = 93250D071A654BBB00C2AAB6 /* rcktMessageTableViewCell.m */; };
		932D79E51A1FD473004721C1 /* AVFoundation.framework in Frameworks */ = {isa = PBXBuildFile; fileRef = 932D79E41A1FD473004721C1 /* AVFoundation.framework */; };
		933FE7C81A67127F003418AD /* rcktSwitchTableViewCell.m in Sources */ = {isa = PBXBuildFile; fileRef = 933FE7C71A67127F003418AD /* rcktSwitchTableViewCell.m */; };
		9342C23F19D5E8CE005C93E6 /* rcktSettingsDevicesViewController.m in Sources */ = {isa = PBXBuildFile; fileRef = 9342C23E19D5E8CE005C93E6 /* rcktSettingsDevicesViewController.m */; };
		9348ACBA1A72C3CF00F7CE43 /* rcktCameraCollectionViewCell.m in Sources */ = {isa = PBXBuildFile; fileRef = 9348ACB91A72C3CF00F7CE43 /* rcktCameraCollectionViewCell.m */; };
		934DA0A61A77E70B00674B9A /* area_icon.png in Resources */ = {isa = PBXBuildFile; fileRef = 934DA0991A77E70B00674B9A /* area_icon.png */; };
		934DA0A71A77E70B00674B9A /* camera_icon.png in Resources */ = {isa = PBXBuildFile; fileRef = 934DA09A1A77E70B00674B9A /* camera_icon.png */; };
		934DA0A81A77E70B00674B9A /* Close.png in Resources */ = {isa = PBXBuildFile; fileRef = 934DA09B1A77E70B00674B9A /* Close.png */; };
		934DA0A91A77E70B00674B9A /* doorbell_icon.png in Resources */ = {isa = PBXBuildFile; fileRef = 934DA09C1A77E70B00674B9A /* doorbell_icon.png */; };
		934DA0AA1A77E70B00674B9A /* Down.png in Resources */ = {isa = PBXBuildFile; fileRef = 934DA09D1A77E70B00674B9A /* Down.png */; };
		934DA0AB1A77E70B00674B9A /* light_icon.png in Resources */ = {isa = PBXBuildFile; fileRef = 934DA09E1A77E70B00674B9A /* light_icon.png */; };
		934DA0AC1A77E70B00674B9A /* Open.png in Resources */ = {isa = PBXBuildFile; fileRef = 934DA09F1A77E70B00674B9A /* Open.png */; };
		934DA0AD1A77E70B00674B9A /* scenario_icon.png in Resources */ = {isa = PBXBuildFile; fileRef = 934DA0A01A77E70B00674B9A /* scenario_icon.png */; };
		934DA0AE1A77E70B00674B9A /* scene_icon.png in Resources */ = {isa = PBXBuildFile; fileRef = 934DA0A11A77E70B00674B9A /* scene_icon.png */; };
		934DA0AF1A77E70B00674B9A /* settings_icon.png in Resources */ = {isa = PBXBuildFile; fileRef = 934DA0A21A77E70B00674B9A /* settings_icon.png */; };
		934DA0B01A77E70B00674B9A /* shade_icon.png in Resources */ = {isa = PBXBuildFile; fileRef = 934DA0A31A77E70B00674B9A /* shade_icon.png */; };
		934DA0B11A77E70B00674B9A /* switch_icon.png in Resources */ = {isa = PBXBuildFile; fileRef = 934DA0A41A77E70B00674B9A /* switch_icon.png */; };
		934DA0B21A77E70B00674B9A /* Up.png in Resources */ = {isa = PBXBuildFile; fileRef = 934DA0A51A77E70B00674B9A /* Up.png */; };
		934DA0B41A77E72700674B9A /* rocket.png in Resources */ = {isa = PBXBuildFile; fileRef = 934DA0B31A77E72700674B9A /* rocket.png */; };
		934DA0B81A77E74D00674B9A /* ring1.caf in Resources */ = {isa = PBXBuildFile; fileRef = 934DA0B51A77E74D00674B9A /* ring1.caf */; };
		934DA0B91A77E74D00674B9A /* ring2.caf in Resources */ = {isa = PBXBuildFile; fileRef = 934DA0B61A77E74D00674B9A /* ring2.caf */; };
		934DA0BA1A77E74D00674B9A /* ring11.caf in Resources */ = {isa = PBXBuildFile; fileRef = 934DA0B71A77E74D00674B9A /* ring11.caf */; };
		9356564319B8E3C7006B4386 /* rcktSaveSceneFormsheet.m in Sources */ = {isa = PBXBuildFile; fileRef = 9356564219B8E3C7006B4386 /* rcktSaveSceneFormsheet.m */; };
		9359906F1A9A17880035F4CA /* rcktAES.m in Sources */ = {isa = PBXBuildFile; fileRef = 9359906E1A9A17880035F4CA /* rcktAES.m */; };
		935990711A9A195D0035F4CA /* Security.framework in Frameworks */ = {isa = PBXBuildFile; fileRef = 935990701A9A195D0035F4CA /* Security.framework */; };
		936706E91A6EE3F3000C3E4B /* rcktShadesViewController.m in Sources */ = {isa = PBXBuildFile; fileRef = 936706E81A6EE3F3000C3E4B /* rcktShadesViewController.m */; };
		936706EC1A6EE860000C3E4B /* rcktShadeTableViewCell.m in Sources */ = {isa = PBXBuildFile; fileRef = 936706EB1A6EE860000C3E4B /* rcktShadeTableViewCell.m */; };
		939DB44919C76B5300BAE483 /* iPhone.storyboard in Resources */ = {isa = PBXBuildFile; fileRef = 939DB44819C76B5300BAE483 /* iPhone.storyboard */; };
		939DB44C19C771BD00BAE483 /* rcktRootCollectionViewController.m in Sources */ = {isa = PBXBuildFile; fileRef = 939DB44B19C771BD00BAE483 /* rcktRootCollectionViewController.m */; };
		939DB45019C774B800BAE483 /* rcktLabelCollectionViewCell.m in Sources */ = {isa = PBXBuildFile; fileRef = 939DB44F19C774B800BAE483 /* rcktLabelCollectionViewCell.m */; };
		93AC1A281A8412B90089BA7D /* rcktCameraFormSheet.m in Sources */ = {isa = PBXBuildFile; fileRef = 93AC1A271A8412B90089BA7D /* rcktCameraFormSheet.m */; };
		93C90F8F19D4B931002E21A2 /* rcktDeviceFormsheet.m in Sources */ = {isa = PBXBuildFile; fileRef = 93C90F8E19D4B931002E21A2 /* rcktDeviceFormsheet.m */; };
		93ECE38B19B792E0007A92EC /* rcktDeviceTokenFormsheet.m in Sources */ = {isa = PBXBuildFile; fileRef = 93ECE38A19B792E0007A92EC /* rcktDeviceTokenFormsheet.m */; };
		93F672FE19AF9D7C009DE745 /* rcktMasterNavAreasTableViewController.m in Sources */ = {isa = PBXBuildFile; fileRef = 93F672FD19AF9D7C009DE745 /* rcktMasterNavAreasTableViewController.m */; };
		93FD20381A221D6C009746C5 /* rcktDoorbellFormSheet.m in Sources */ = {isa = PBXBuildFile; fileRef = 93FD20371A221D6C009746C5 /* rcktDoorbellFormSheet.m */; };
		93FD20411A2245E0009746C5 /* CFNetwork.framework in Frameworks */ = {isa = PBXBuildFile; fileRef = 93FD20401A2245E0009746C5 /* CFNetwork.framework */; };
		93FD20441A224B66009746C5 /* GCDAsyncUdpSocket.m in Sources */ = {isa = PBXBuildFile; fileRef = 93FD20431A224B66009746C5 /* GCDAsyncUdpSocket.m */; };
		93FD20471A224E09009746C5 /* DDLog.m in Sources */ = {isa = PBXBuildFile; fileRef = 93FD20461A224E09009746C5 /* DDLog.m */; };
		93FD5BC619B64E6D00C45491 /* rcktColorFormsheet.m in Sources */ = {isa = PBXBuildFile; fileRef = 93FD5BC519B64E6D00C45491 /* rcktColorFormsheet.m */; };
		93FD5C8319B664D700C45491 /* drcolorpicker-colormap.png in Resources */ = {isa = PBXBuildFile; fileRef = 93FD5C8219B664D700C45491 /* drcolorpicker-colormap.png */; };
		93FD5C8519B6656F00C45491 /* drcolorpicker-brightnessguide.png in Resources */ = {isa = PBXBuildFile; fileRef = 93FD5C8419B6656F00C45491 /* drcolorpicker-brightnessguide.png */; };
		93FE276119576A1C00977594 /* Foundation.framework in Frameworks */ = {isa = PBXBuildFile; fileRef = 93FE276019576A1C00977594 /* Foundation.framework */; };
		93FE276319576A1C00977594 /* CoreGraphics.framework in Frameworks */ = {isa = PBXBuildFile; fileRef = 93FE276219576A1C00977594 /* CoreGraphics.framework */; };
		93FE276519576A1C00977594 /* UIKit.framework in Frameworks */ = {isa = PBXBuildFile; fileRef = 93FE276419576A1C00977594 /* UIKit.framework */; };
		93FE276B19576A1C00977594 /* InfoPlist.strings in Resources */ = {isa = PBXBuildFile; fileRef = 93FE276919576A1C00977594 /* InfoPlist.strings */; };
		93FE276D19576A1C00977594 /* main.m in Sources */ = {isa = PBXBuildFile; fileRef = 93FE276C19576A1C00977594 /* main.m */; };
		93FE277119576A1C00977594 /* rcktAppDelegate.m in Sources */ = {isa = PBXBuildFile; fileRef = 93FE277019576A1C00977594 /* rcktAppDelegate.m */; };
		93FE277419576A1C00977594 /* Main.storyboard in Resources */ = {isa = PBXBuildFile; fileRef = 93FE277219576A1C00977594 /* Main.storyboard */; };
		93FE277919576A1C00977594 /* Images.xcassets in Resources */ = {isa = PBXBuildFile; fileRef = 93FE277819576A1C00977594 /* Images.xcassets */; };
		93FE278019576A1C00977594 /* XCTest.framework in Frameworks */ = {isa = PBXBuildFile; fileRef = 93FE277F19576A1C00977594 /* XCTest.framework */; };
		93FE278119576A1C00977594 /* Foundation.framework in Frameworks */ = {isa = PBXBuildFile; fileRef = 93FE276019576A1C00977594 /* Foundation.framework */; };
		93FE278219576A1C00977594 /* UIKit.framework in Frameworks */ = {isa = PBXBuildFile; fileRef = 93FE276419576A1C00977594 /* UIKit.framework */; };
/* End PBXBuildFile section */

/* Begin PBXContainerItemProxy section */
		93FE278319576A1C00977594 /* PBXContainerItemProxy */ = {
			isa = PBXContainerItemProxy;
			containerPortal = 93FE275519576A1C00977594 /* Project object */;
			proxyType = 1;
			remoteGlobalIDString = 93FE275C19576A1C00977594;
			remoteInfo = James;
		};
/* End PBXContainerItemProxy section */

/* Begin PBXFileReference section */
		93010E3819BA168D00751375 /* rcktPickerTableViewCell.h */ = {isa = PBXFileReference; fileEncoding = 4; lastKnownFileType = sourcecode.c.h; path = rcktPickerTableViewCell.h; sourceTree = "<group>"; };
		93010E3919BA168D00751375 /* rcktPickerTableViewCell.m */ = {isa = PBXFileReference; fileEncoding = 4; lastKnownFileType = sourcecode.c.objc; path = rcktPickerTableViewCell.m; sourceTree = "<group>"; };
		9303E9D01960997E00BAF3B2 /* rcktSplashViewController.h */ = {isa = PBXFileReference; fileEncoding = 4; lastKnownFileType = sourcecode.c.h; path = rcktSplashViewController.h; sourceTree = "<group>"; };
		9303E9D11960997E00BAF3B2 /* rcktSplashViewController.m */ = {isa = PBXFileReference; fileEncoding = 4; lastKnownFileType = sourcecode.c.objc; path = rcktSplashViewController.m; sourceTree = "<group>"; };
		93082D9B1979B1BD00465F68 /* rckt.h */ = {isa = PBXFileReference; fileEncoding = 4; lastKnownFileType = sourcecode.c.h; path = rckt.h; sourceTree = "<group>"; };
		93082D9C1979B1BD00465F68 /* rckt.m */ = {isa = PBXFileReference; fileEncoding = 4; lastKnownFileType = sourcecode.c.objc; path = rckt.m; sourceTree = "<group>"; };
		93082DA61979C40E00465F68 /* rcktLabelTableViewCell.h */ = {isa = PBXFileReference; fileEncoding = 4; lastKnownFileType = sourcecode.c.h; path = rcktLabelTableViewCell.h; sourceTree = "<group>"; };
		93082DA71979C40E00465F68 /* rcktLabelTableViewCell.m */ = {isa = PBXFileReference; fileEncoding = 4; lastKnownFileType = sourcecode.c.objc; path = rcktLabelTableViewCell.m; sourceTree = "<group>"; };
		93082DB01979CE9E00465F68 /* rcktSettingsDetailViewController.h */ = {isa = PBXFileReference; fileEncoding = 4; lastKnownFileType = sourcecode.c.h; path = rcktSettingsDetailViewController.h; sourceTree = "<group>"; };
		93082DB11979CE9E00465F68 /* rcktSettingsDetailViewController.m */ = {isa = PBXFileReference; fileEncoding = 4; lastKnownFileType = sourcecode.c.objc; path = rcktSettingsDetailViewController.m; sourceTree = "<group>"; };
		93082DB31979D53200465F68 /* rcktLightsDetailViewController.h */ = {isa = PBXFileReference; fileEncoding = 4; lastKnownFileType = sourcecode.c.h; path = rcktLightsDetailViewController.h; sourceTree = "<group>"; };
		93082DB41979D53200465F68 /* rcktLightsDetailViewController.m */ = {isa = PBXFileReference; fileEncoding = 4; lastKnownFileType = sourcecode.c.objc; path = rcktLightsDetailViewController.m; sourceTree = "<group>"; };
		93082DBC1979D55E00465F68 /* rcktScenariosDetailViewController.h */ = {isa = PBXFileReference; fileEncoding = 4; lastKnownFileType = sourcecode.c.h; path = rcktScenariosDetailViewController.h; sourceTree = "<group>"; };
		93082DBD1979D55E00465F68 /* rcktScenariosDetailViewController.m */ = {isa = PBXFileReference; fileEncoding = 4; lastKnownFileType = sourcecode.c.objc; path = rcktScenariosDetailViewController.m; sourceTree = "<group>"; };
		9308BED919771E7B003EE093 /* QuartzCore.framework */ = {isa = PBXFileReference; lastKnownFileType = wrapper.framework; name = QuartzCore.framework; path = System/Library/Frameworks/QuartzCore.framework; sourceTree = SDKROOT; };
		9308E8F519B39E8C00756CC6 /* rcktLightTableViewCell.h */ = {isa = PBXFileReference; fileEncoding = 4; lastKnownFileType = sourcecode.c.h; path = rcktLightTableViewCell.h; sourceTree = "<group>"; };
		9308E8F619B39E8C00756CC6 /* rcktLightTableViewCell.m */ = {isa = PBXFileReference; fileEncoding = 4; lastKnownFileType = sourcecode.c.objc; path = rcktLightTableViewCell.m; sourceTree = "<group>"; };
		930BAE6019B8D0D3008447E3 /* rcktSceneTableViewCell.h */ = {isa = PBXFileReference; fileEncoding = 4; lastKnownFileType = sourcecode.c.h; path = rcktSceneTableViewCell.h; sourceTree = "<group>"; };
		930BAE6119B8D0D3008447E3 /* rcktSceneTableViewCell.m */ = {isa = PBXFileReference; fileEncoding = 4; lastKnownFileType = sourcecode.c.objc; path = rcktSceneTableViewCell.m; sourceTree = "<group>"; };
		930D6FB2197851810073D6BD /* rcktStringTableViewCell.h */ = {isa = PBXFileReference; fileEncoding = 4; lastKnownFileType = sourcecode.c.h; path = rcktStringTableViewCell.h; sourceTree = "<group>"; };
		930D6FB3197851810073D6BD /* rcktStringTableViewCell.m */ = {isa = PBXFileReference; fileEncoding = 4; lastKnownFileType = sourcecode.c.objc; path = rcktStringTableViewCell.m; sourceTree = "<group>"; };
		930D6FBB197873730073D6BD /* rcktRootTableViewController.h */ = {isa = PBXFileReference; fileEncoding = 4; lastKnownFileType = sourcecode.c.h; path = rcktRootTableViewController.h; sourceTree = "<group>"; };
		930D6FBC197873730073D6BD /* rcktRootTableViewController.m */ = {isa = PBXFileReference; fileEncoding = 4; lastKnownFileType = sourcecode.c.objc; path = rcktRootTableViewController.m; sourceTree = "<group>"; };
		930FEF2F19B78B9C001AC958 /* rcktColorPickerView.h */ = {isa = PBXFileReference; fileEncoding = 4; lastKnownFileType = sourcecode.c.h; path = rcktColorPickerView.h; sourceTree = "<group>"; };
		930FEF3019B78B9C001AC958 /* rcktColorPickerView.m */ = {isa = PBXFileReference; fileEncoding = 4; lastKnownFileType = sourcecode.c.objc; path = rcktColorPickerView.m; sourceTree = "<group>"; };
		93206CE01A0F9E8200784062 /* rcktCamerasViewController.h */ = {isa = PBXFileReference; fileEncoding = 4; lastKnownFileType = sourcecode.c.h; path = rcktCamerasViewController.h; sourceTree = "<group>"; };
		93206CE11A0F9E8200784062 /* rcktCamerasViewController.m */ = {isa = PBXFileReference; fileEncoding = 4; lastKnownFileType = sourcecode.c.objc; path = rcktCamerasViewController.m; sourceTree = "<group>"; };
		93250D031A6542C900C2AAB6 /* rcktDoorbellViewController.h */ = {isa = PBXFileReference; fileEncoding = 4; lastKnownFileType = sourcecode.c.h; path = rcktDoorbellViewController.h; sourceTree = "<group>"; };
		93250D041A6542C900C2AAB6 /* rcktDoorbellViewController.m */ = {isa = PBXFileReference; fileEncoding = 4; lastKnownFileType = sourcecode.c.objc; path = rcktDoorbellViewController.m; sourceTree = "<group>"; };
		93250D061A654BBB00C2AAB6 /* rcktMessageTableViewCell.h */ = {isa = PBXFileReference; fileEncoding = 4; lastKnownFileType = sourcecode.c.h; path = rcktMessageTableViewCell.h; sourceTree = "<group>"; };
		93250D071A654BBB00C2AAB6 /* rcktMessageTableViewCell.m */ = {isa = PBXFileReference; fileEncoding = 4; lastKnownFileType = sourcecode.c.objc; path = rcktMessageTableViewCell.m; sourceTree = "<group>"; };
		932D79E41A1FD473004721C1 /* AVFoundation.framework */ = {isa = PBXFileReference; lastKnownFileType = wrapper.framework; name = AVFoundation.framework; path = System/Library/Frameworks/AVFoundation.framework; sourceTree = SDKROOT; };
		933F304D1A7C1E8900392723 /* MediaPlayer.framework */ = {isa = PBXFileReference; lastKnownFileType = wrapper.framework; name = MediaPlayer.framework; path = System/Library/Frameworks/MediaPlayer.framework; sourceTree = SDKROOT; };
		933FE7C61A67127F003418AD /* rcktSwitchTableViewCell.h */ = {isa = PBXFileReference; fileEncoding = 4; lastKnownFileType = sourcecode.c.h; path = rcktSwitchTableViewCell.h; sourceTree = "<group>"; };
		933FE7C71A67127F003418AD /* rcktSwitchTableViewCell.m */ = {isa = PBXFileReference; fileEncoding = 4; lastKnownFileType = sourcecode.c.objc; path = rcktSwitchTableViewCell.m; sourceTree = "<group>"; };
		9342C23D19D5E8CE005C93E6 /* rcktSettingsDevicesViewController.h */ = {isa = PBXFileReference; fileEncoding = 4; lastKnownFileType = sourcecode.c.h; path = rcktSettingsDevicesViewController.h; sourceTree = "<group>"; };
		9342C23E19D5E8CE005C93E6 /* rcktSettingsDevicesViewController.m */ = {isa = PBXFileReference; fileEncoding = 4; lastKnownFileType = sourcecode.c.objc; path = rcktSettingsDevicesViewController.m; sourceTree = "<group>"; };
		9348ACB81A72C3CF00F7CE43 /* rcktCameraCollectionViewCell.h */ = {isa = PBXFileReference; fileEncoding = 4; lastKnownFileType = sourcecode.c.h; path = rcktCameraCollectionViewCell.h; sourceTree = "<group>"; };
		9348ACB91A72C3CF00F7CE43 /* rcktCameraCollectionViewCell.m */ = {isa = PBXFileReference; fileEncoding = 4; lastKnownFileType = sourcecode.c.objc; path = rcktCameraCollectionViewCell.m; sourceTree = "<group>"; };
		934DA0991A77E70B00674B9A /* area_icon.png */ = {isa = PBXFileReference; lastKnownFileType = image.png; name = area_icon.png; path = Images/area_icon.png; sourceTree = "<group>"; };
		934DA09A1A77E70B00674B9A /* camera_icon.png */ = {isa = PBXFileReference; lastKnownFileType = image.png; name = camera_icon.png; path = Images/camera_icon.png; sourceTree = "<group>"; };
		934DA09B1A77E70B00674B9A /* Close.png */ = {isa = PBXFileReference; lastKnownFileType = image.png; name = Close.png; path = Images/Close.png; sourceTree = "<group>"; };
		934DA09C1A77E70B00674B9A /* doorbell_icon.png */ = {isa = PBXFileReference; lastKnownFileType = image.png; name = doorbell_icon.png; path = Images/doorbell_icon.png; sourceTree = "<group>"; };
		934DA09D1A77E70B00674B9A /* Down.png */ = {isa = PBXFileReference; lastKnownFileType = image.png; name = Down.png; path = Images/Down.png; sourceTree = "<group>"; };
		934DA09E1A77E70B00674B9A /* light_icon.png */ = {isa = PBXFileReference; lastKnownFileType = image.png; name = light_icon.png; path = Images/light_icon.png; sourceTree = "<group>"; };
		934DA09F1A77E70B00674B9A /* Open.png */ = {isa = PBXFileReference; lastKnownFileType = image.png; name = Open.png; path = Images/Open.png; sourceTree = "<group>"; };
		934DA0A01A77E70B00674B9A /* scenario_icon.png */ = {isa = PBXFileReference; lastKnownFileType = image.png; name = scenario_icon.png; path = Images/scenario_icon.png; sourceTree = "<group>"; };
		934DA0A11A77E70B00674B9A /* scene_icon.png */ = {isa = PBXFileReference; lastKnownFileType = image.png; name = scene_icon.png; path = Images/scene_icon.png; sourceTree = "<group>"; };
		934DA0A21A77E70B00674B9A /* settings_icon.png */ = {isa = PBXFileReference; lastKnownFileType = image.png; name = settings_icon.png; path = Images/settings_icon.png; sourceTree = "<group>"; };
		934DA0A31A77E70B00674B9A /* shade_icon.png */ = {isa = PBXFileReference; lastKnownFileType = image.png; name = shade_icon.png; path = Images/shade_icon.png; sourceTree = "<group>"; };
		934DA0A41A77E70B00674B9A /* switch_icon.png */ = {isa = PBXFileReference; lastKnownFileType = image.png; name = switch_icon.png; path = Images/switch_icon.png; sourceTree = "<group>"; };
		934DA0A51A77E70B00674B9A /* Up.png */ = {isa = PBXFileReference; lastKnownFileType = image.png; name = Up.png; path = Images/Up.png; sourceTree = "<group>"; };
		934DA0B31A77E72700674B9A /* rocket.png */ = {isa = PBXFileReference; lastKnownFileType = image.png; name = rocket.png; path = Images/rocket.png; sourceTree = "<group>"; };
		934DA0B51A77E74D00674B9A /* ring1.caf */ = {isa = PBXFileReference; lastKnownFileType = file; name = ring1.caf; path = Ringtones/ring1.caf; sourceTree = "<group>"; };
		934DA0B61A77E74D00674B9A /* ring2.caf */ = {isa = PBXFileReference; lastKnownFileType = file; name = ring2.caf; path = Ringtones/ring2.caf; sourceTree = "<group>"; };
		934DA0B71A77E74D00674B9A /* ring11.caf */ = {isa = PBXFileReference; lastKnownFileType = file; name = ring11.caf; path = Ringtones/ring11.caf; sourceTree = "<group>"; };
		9356564119B8E3C7006B4386 /* rcktSaveSceneFormsheet.h */ = {isa = PBXFileReference; fileEncoding = 4; lastKnownFileType = sourcecode.c.h; path = rcktSaveSceneFormsheet.h; sourceTree = "<group>"; };
		9356564219B8E3C7006B4386 /* rcktSaveSceneFormsheet.m */ = {isa = PBXFileReference; fileEncoding = 4; lastKnownFileType = sourcecode.c.objc; path = rcktSaveSceneFormsheet.m; sourceTree = "<group>"; };
		935990681A9A159A0035F4CA /* libcommonCrypto.dylib */ = {isa = PBXFileReference; lastKnownFileType = "compiled.mach-o.dylib"; name = libcommonCrypto.dylib; path = usr/lib/system/libcommonCrypto.dylib; sourceTree = SDKROOT; };
		9359906D1A9A17880035F4CA /* rcktAES.h */ = {isa = PBXFileReference; fileEncoding = 4; lastKnownFileType = sourcecode.c.h; path = rcktAES.h; sourceTree = "<group>"; };
		9359906E1A9A17880035F4CA /* rcktAES.m */ = {isa = PBXFileReference; fileEncoding = 4; lastKnownFileType = sourcecode.c.objc; path = rcktAES.m; sourceTree = "<group>"; };
		935990701A9A195D0035F4CA /* Security.framework */ = {isa = PBXFileReference; lastKnownFileType = wrapper.framework; name = Security.framework; path = System/Library/Frameworks/Security.framework; sourceTree = SDKROOT; };
		936706E71A6EE3F3000C3E4B /* rcktShadesViewController.h */ = {isa = PBXFileReference; fileEncoding = 4; lastKnownFileType = sourcecode.c.h; path = rcktShadesViewController.h; sourceTree = "<group>"; };
		936706E81A6EE3F3000C3E4B /* rcktShadesViewController.m */ = {isa = PBXFileReference; fileEncoding = 4; lastKnownFileType = sourcecode.c.objc; path = rcktShadesViewController.m; sourceTree = "<group>"; };
		936706EA1A6EE860000C3E4B /* rcktShadeTableViewCell.h */ = {isa = PBXFileReference; fileEncoding = 4; lastKnownFileType = sourcecode.c.h; path = rcktShadeTableViewCell.h; sourceTree = "<group>"; };
		936706EB1A6EE860000C3E4B /* rcktShadeTableViewCell.m */ = {isa = PBXFileReference; fileEncoding = 4; lastKnownFileType = sourcecode.c.objc; path = rcktShadeTableViewCell.m; sourceTree = "<group>"; };
		939DB44819C76B5300BAE483 /* iPhone.storyboard */ = {isa = PBXFileReference; fileEncoding = 4; lastKnownFileType = file.storyboard; path = iPhone.storyboard; sourceTree = "<group>"; };
		939DB44A19C771BD00BAE483 /* rcktRootCollectionViewController.h */ = {isa = PBXFileReference; fileEncoding = 4; lastKnownFileType = sourcecode.c.h; path = rcktRootCollectionViewController.h; sourceTree = "<group>"; };
		939DB44B19C771BD00BAE483 /* rcktRootCollectionViewController.m */ = {isa = PBXFileReference; fileEncoding = 4; lastKnownFileType = sourcecode.c.objc; path = rcktRootCollectionViewController.m; sourceTree = "<group>"; };
		939DB44E19C774B800BAE483 /* rcktLabelCollectionViewCell.h */ = {isa = PBXFileReference; fileEncoding = 4; lastKnownFileType = sourcecode.c.h; path = rcktLabelCollectionViewCell.h; sourceTree = "<group>"; };
		939DB44F19C774B800BAE483 /* rcktLabelCollectionViewCell.m */ = {isa = PBXFileReference; fileEncoding = 4; lastKnownFileType = sourcecode.c.objc; path = rcktLabelCollectionViewCell.m; sourceTree = "<group>"; };
		93AC1A261A8412B90089BA7D /* rcktCameraFormSheet.h */ = {isa = PBXFileReference; fileEncoding = 4; lastKnownFileType = sourcecode.c.h; path = rcktCameraFormSheet.h; sourceTree = "<group>"; };
		93AC1A271A8412B90089BA7D /* rcktCameraFormSheet.m */ = {isa = PBXFileReference; fileEncoding = 4; lastKnownFileType = sourcecode.c.objc; path = rcktCameraFormSheet.m; sourceTree = "<group>"; };
		93C90F8D19D4B931002E21A2 /* rcktDeviceFormsheet.h */ = {isa = PBXFileReference; fileEncoding = 4; lastKnownFileType = sourcecode.c.h; path = rcktDeviceFormsheet.h; sourceTree = "<group>"; };
		93C90F8E19D4B931002E21A2 /* rcktDeviceFormsheet.m */ = {isa = PBXFileReference; fileEncoding = 4; lastKnownFileType = sourcecode.c.objc; path = rcktDeviceFormsheet.m; sourceTree = "<group>"; };
		93ECE38919B792E0007A92EC /* rcktDeviceTokenFormsheet.h */ = {isa = PBXFileReference; fileEncoding = 4; lastKnownFileType = sourcecode.c.h; path = rcktDeviceTokenFormsheet.h; sourceTree = "<group>"; };
		93ECE38A19B792E0007A92EC /* rcktDeviceTokenFormsheet.m */ = {isa = PBXFileReference; fileEncoding = 4; lastKnownFileType = sourcecode.c.objc; path = rcktDeviceTokenFormsheet.m; sourceTree = "<group>"; };
		93F672FC19AF9D7C009DE745 /* rcktMasterNavAreasTableViewController.h */ = {isa = PBXFileReference; fileEncoding = 4; lastKnownFileType = sourcecode.c.h; path = rcktMasterNavAreasTableViewController.h; sourceTree = "<group>"; };
		93F672FD19AF9D7C009DE745 /* rcktMasterNavAreasTableViewController.m */ = {isa = PBXFileReference; fileEncoding = 4; lastKnownFileType = sourcecode.c.objc; path = rcktMasterNavAreasTableViewController.m; sourceTree = "<group>"; };
		93FD20361A221D6C009746C5 /* rcktDoorbellFormSheet.h */ = {isa = PBXFileReference; fileEncoding = 4; lastKnownFileType = sourcecode.c.h; path = rcktDoorbellFormSheet.h; sourceTree = "<group>"; };
		93FD20371A221D6C009746C5 /* rcktDoorbellFormSheet.m */ = {isa = PBXFileReference; fileEncoding = 4; lastKnownFileType = sourcecode.c.objc; path = rcktDoorbellFormSheet.m; sourceTree = "<group>"; };
		93FD20401A2245E0009746C5 /* CFNetwork.framework */ = {isa = PBXFileReference; lastKnownFileType = wrapper.framework; name = CFNetwork.framework; path = System/Library/Frameworks/CFNetwork.framework; sourceTree = SDKROOT; };
		93FD20421A224B66009746C5 /* GCDAsyncUdpSocket.h */ = {isa = PBXFileReference; fileEncoding = 4; lastKnownFileType = sourcecode.c.h; path = GCDAsyncUdpSocket.h; sourceTree = "<group>"; };
		93FD20431A224B66009746C5 /* GCDAsyncUdpSocket.m */ = {isa = PBXFileReference; fileEncoding = 4; lastKnownFileType = sourcecode.c.objc; path = GCDAsyncUdpSocket.m; sourceTree = "<group>"; };
		93FD20451A224E09009746C5 /* DDLog.h */ = {isa = PBXFileReference; fileEncoding = 4; lastKnownFileType = sourcecode.c.h; path = DDLog.h; sourceTree = "<group>"; };
		93FD20461A224E09009746C5 /* DDLog.m */ = {isa = PBXFileReference; fileEncoding = 4; lastKnownFileType = sourcecode.c.objc; path = DDLog.m; sourceTree = "<group>"; };
		93FD20481A225BB3009746C5 /* James.entitlements */ = {isa = PBXFileReference; lastKnownFileType = text.xml; name = James.entitlements; path = James/James.entitlements; sourceTree = "<group>"; };
		93FD5BC419B64E6D00C45491 /* rcktColorFormsheet.h */ = {isa = PBXFileReference; fileEncoding = 4; lastKnownFileType = sourcecode.c.h; path = rcktColorFormsheet.h; sourceTree = "<group>"; };
		93FD5BC519B64E6D00C45491 /* rcktColorFormsheet.m */ = {isa = PBXFileReference; fileEncoding = 4; lastKnownFileType = sourcecode.c.objc; path = rcktColorFormsheet.m; sourceTree = "<group>"; };
		93FD5C8219B664D700C45491 /* drcolorpicker-colormap.png */ = {isa = PBXFileReference; lastKnownFileType = image.png; path = "drcolorpicker-colormap.png"; sourceTree = "<group>"; };
		93FD5C8419B6656F00C45491 /* drcolorpicker-brightnessguide.png */ = {isa = PBXFileReference; lastKnownFileType = image.png; path = "drcolorpicker-brightnessguide.png"; sourceTree = "<group>"; };
		93FE275D19576A1C00977594 /* James.app */ = {isa = PBXFileReference; explicitFileType = wrapper.application; includeInIndex = 0; path = James.app; sourceTree = BUILT_PRODUCTS_DIR; };
		93FE276019576A1C00977594 /* Foundation.framework */ = {isa = PBXFileReference; lastKnownFileType = wrapper.framework; name = Foundation.framework; path = System/Library/Frameworks/Foundation.framework; sourceTree = SDKROOT; };
		93FE276219576A1C00977594 /* CoreGraphics.framework */ = {isa = PBXFileReference; lastKnownFileType = wrapper.framework; name = CoreGraphics.framework; path = System/Library/Frameworks/CoreGraphics.framework; sourceTree = SDKROOT; };
		93FE276419576A1C00977594 /* UIKit.framework */ = {isa = PBXFileReference; lastKnownFileType = wrapper.framework; name = UIKit.framework; path = System/Library/Frameworks/UIKit.framework; sourceTree = SDKROOT; };
		93FE276819576A1C00977594 /* James-Info.plist */ = {isa = PBXFileReference; lastKnownFileType = text.plist.xml; path = "James-Info.plist"; sourceTree = "<group>"; };
		93FE276A19576A1C00977594 /* en */ = {isa = PBXFileReference; lastKnownFileType = text.plist.strings; name = en; path = en.lproj/InfoPlist.strings; sourceTree = "<group>"; };
		93FE276C19576A1C00977594 /* main.m */ = {isa = PBXFileReference; lastKnownFileType = sourcecode.c.objc; path = main.m; sourceTree = "<group>"; };
		93FE276E19576A1C00977594 /* James-Prefix.pch */ = {isa = PBXFileReference; lastKnownFileType = sourcecode.c.h; path = "James-Prefix.pch"; sourceTree = "<group>"; };
		93FE276F19576A1C00977594 /* rcktAppDelegate.h */ = {isa = PBXFileReference; lastKnownFileType = sourcecode.c.h; path = rcktAppDelegate.h; sourceTree = "<group>"; };
		93FE277019576A1C00977594 /* rcktAppDelegate.m */ = {isa = PBXFileReference; lastKnownFileType = sourcecode.c.objc; path = rcktAppDelegate.m; sourceTree = "<group>"; };
		93FE277319576A1C00977594 /* Base */ = {isa = PBXFileReference; lastKnownFileType = file.storyboard; name = Base; path = Base.lproj/Main.storyboard; sourceTree = "<group>"; };
		93FE277819576A1C00977594 /* Images.xcassets */ = {isa = PBXFileReference; lastKnownFileType = folder.assetcatalog; path = Images.xcassets; sourceTree = "<group>"; };
		93FE277E19576A1C00977594 /* JamesTests.xctest */ = {isa = PBXFileReference; explicitFileType = wrapper.cfbundle; includeInIndex = 0; path = JamesTests.xctest; sourceTree = BUILT_PRODUCTS_DIR; };
		93FE277F19576A1C00977594 /* XCTest.framework */ = {isa = PBXFileReference; lastKnownFileType = wrapper.framework; name = XCTest.framework; path = Library/Frameworks/XCTest.framework; sourceTree = DEVELOPER_DIR; };
/* End PBXFileReference section */

/* Begin PBXFrameworksBuildPhase section */
		93FE275A19576A1C00977594 /* Frameworks */ = {
			isa = PBXFrameworksBuildPhase;
			buildActionMask = 2147483647;
			files = (
				935990711A9A195D0035F4CA /* Security.framework in Frameworks */,
				93FD20411A2245E0009746C5 /* CFNetwork.framework in Frameworks */,
				932D79E51A1FD473004721C1 /* AVFoundation.framework in Frameworks */,
				93FE276319576A1C00977594 /* CoreGraphics.framework in Frameworks */,
				93FE276519576A1C00977594 /* UIKit.framework in Frameworks */,
				93FE276119576A1C00977594 /* Foundation.framework in Frameworks */,
			);
			runOnlyForDeploymentPostprocessing = 0;
		};
		93FE277B19576A1C00977594 /* Frameworks */ = {
			isa = PBXFrameworksBuildPhase;
			buildActionMask = 2147483647;
			files = (
				93FE278019576A1C00977594 /* XCTest.framework in Frameworks */,
				93FE278219576A1C00977594 /* UIKit.framework in Frameworks */,
				93FE278119576A1C00977594 /* Foundation.framework in Frameworks */,
			);
			runOnlyForDeploymentPostprocessing = 0;
		};
/* End PBXFrameworksBuildPhase section */

/* Begin PBXGroup section */
		9303E9CF1960995C00BAF3B2 /* Splash */ = {
			isa = PBXGroup;
			children = (
				9303E9D01960997E00BAF3B2 /* rcktSplashViewController.h */,
				9303E9D11960997E00BAF3B2 /* rcktSplashViewController.m */,
			);
			name = Splash;
			sourceTree = "<group>";
		};
		9303E9D319609B1700BAF3B2 /* Images */ = {
			isa = PBXGroup;
			children = (
				934DA0B31A77E72700674B9A /* rocket.png */,
				934DA0991A77E70B00674B9A /* area_icon.png */,
				934DA09A1A77E70B00674B9A /* camera_icon.png */,
				934DA09B1A77E70B00674B9A /* Close.png */,
				934DA09C1A77E70B00674B9A /* doorbell_icon.png */,
				934DA09D1A77E70B00674B9A /* Down.png */,
				934DA09E1A77E70B00674B9A /* light_icon.png */,
				934DA09F1A77E70B00674B9A /* Open.png */,
				934DA0A01A77E70B00674B9A /* scenario_icon.png */,
				934DA0A11A77E70B00674B9A /* scene_icon.png */,
				934DA0A21A77E70B00674B9A /* settings_icon.png */,
				934DA0A31A77E70B00674B9A /* shade_icon.png */,
				934DA0A41A77E70B00674B9A /* switch_icon.png */,
				934DA0A51A77E70B00674B9A /* Up.png */,
				93FD5C8419B6656F00C45491 /* drcolorpicker-brightnessguide.png */,
				93FD5C8219B664D700C45491 /* drcolorpicker-colormap.png */,
			);
			name = Images;
			sourceTree = "<group>";
		};
		9307EAA3195B52540050BBEC /* James */ = {
			isa = PBXGroup;
			children = (
				93FD5BC319B64E4400C45491 /* Formsheets */,
				93082DA91979CB3E00465F68 /* DetailViews */,
				93082D9A1979B1A300465F68 /* Handlers */,
				930D6FBA1978733D0073D6BD /* Navigation */,
				939DB44D19C7748900BAE483 /* CollectionViewCells */,
				930D6FB1197851450073D6BD /* TableViewCells */,
				9303E9CF1960995C00BAF3B2 /* Splash */,
			);
			name = James;
			sourceTree = "<group>";
		};
		93082D9A1979B1A300465F68 /* Handlers */ = {
			isa = PBXGroup;
			children = (
				93082D9B1979B1BD00465F68 /* rckt.h */,
				93082D9C1979B1BD00465F68 /* rckt.m */,
				9359906D1A9A17880035F4CA /* rcktAES.h */,
				9359906E1A9A17880035F4CA /* rcktAES.m */,
			);
			name = Handlers;
			sourceTree = "<group>";
		};
		93082DA91979CB3E00465F68 /* DetailViews */ = {
			isa = PBXGroup;
			children = (
				9342C23C19D5E8AE005C93E6 /* Settings */,
				93082DB31979D53200465F68 /* rcktLightsDetailViewController.h */,
				93082DB41979D53200465F68 /* rcktLightsDetailViewController.m */,
				93206CE01A0F9E8200784062 /* rcktCamerasViewController.h */,
				93206CE11A0F9E8200784062 /* rcktCamerasViewController.m */,
				93082DBC1979D55E00465F68 /* rcktScenariosDetailViewController.h */,
				93082DBD1979D55E00465F68 /* rcktScenariosDetailViewController.m */,
				93082DB01979CE9E00465F68 /* rcktSettingsDetailViewController.h */,
				93082DB11979CE9E00465F68 /* rcktSettingsDetailViewController.m */,
				93250D031A6542C900C2AAB6 /* rcktDoorbellViewController.h */,
				93250D041A6542C900C2AAB6 /* rcktDoorbellViewController.m */,
				936706E71A6EE3F3000C3E4B /* rcktShadesViewController.h */,
				936706E81A6EE3F3000C3E4B /* rcktShadesViewController.m */,
			);
			name = DetailViews;
			sourceTree = "<group>";
		};
		930D6FB1197851450073D6BD /* TableViewCells */ = {
			isa = PBXGroup;
			children = (
				930D6FB2197851810073D6BD /* rcktStringTableViewCell.h */,
				930D6FB3197851810073D6BD /* rcktStringTableViewCell.m */,
				93082DA61979C40E00465F68 /* rcktLabelTableViewCell.h */,
				93082DA71979C40E00465F68 /* rcktLabelTableViewCell.m */,
				9308E8F519B39E8C00756CC6 /* rcktLightTableViewCell.h */,
				9308E8F619B39E8C00756CC6 /* rcktLightTableViewCell.m */,
				930BAE6019B8D0D3008447E3 /* rcktSceneTableViewCell.h */,
				930BAE6119B8D0D3008447E3 /* rcktSceneTableViewCell.m */,
				93010E3819BA168D00751375 /* rcktPickerTableViewCell.h */,
				93010E3919BA168D00751375 /* rcktPickerTableViewCell.m */,
				93250D061A654BBB00C2AAB6 /* rcktMessageTableViewCell.h */,
				93250D071A654BBB00C2AAB6 /* rcktMessageTableViewCell.m */,
				933FE7C61A67127F003418AD /* rcktSwitchTableViewCell.h */,
				933FE7C71A67127F003418AD /* rcktSwitchTableViewCell.m */,
				936706EA1A6EE860000C3E4B /* rcktShadeTableViewCell.h */,
				936706EB1A6EE860000C3E4B /* rcktShadeTableViewCell.m */,
			);
			name = TableViewCells;
			sourceTree = "<group>";
		};
		930D6FBA1978733D0073D6BD /* Navigation */ = {
			isa = PBXGroup;
			children = (
				930D6FBB197873730073D6BD /* rcktRootTableViewController.h */,
				930D6FBC197873730073D6BD /* rcktRootTableViewController.m */,
				93F672FC19AF9D7C009DE745 /* rcktMasterNavAreasTableViewController.h */,
				93F672FD19AF9D7C009DE745 /* rcktMasterNavAreasTableViewController.m */,
				939DB44A19C771BD00BAE483 /* rcktRootCollectionViewController.h */,
				939DB44B19C771BD00BAE483 /* rcktRootCollectionViewController.m */,
			);
			name = Navigation;
			sourceTree = "<group>";
		};
		9342C23C19D5E8AE005C93E6 /* Settings */ = {
			isa = PBXGroup;
			children = (
				9342C23D19D5E8CE005C93E6 /* rcktSettingsDevicesViewController.h */,
				9342C23E19D5E8CE005C93E6 /* rcktSettingsDevicesViewController.m */,
			);
			name = Settings;
			sourceTree = "<group>";
		};
		939DB44D19C7748900BAE483 /* CollectionViewCells */ = {
			isa = PBXGroup;
			children = (
				939DB44E19C774B800BAE483 /* rcktLabelCollectionViewCell.h */,
				939DB44F19C774B800BAE483 /* rcktLabelCollectionViewCell.m */,
				9348ACB81A72C3CF00F7CE43 /* rcktCameraCollectionViewCell.h */,
				9348ACB91A72C3CF00F7CE43 /* rcktCameraCollectionViewCell.m */,
			);
			name = CollectionViewCells;
			sourceTree = "<group>";
		};
		93F7CE481975A8E600F4E8C7 /* Library */ = {
			isa = PBXGroup;
			children = (
			);
			name = Library;
			sourceTree = "<group>";
		};
		93FD203B1A2233ED009746C5 /* Ringtones */ = {
			isa = PBXGroup;
			children = (
				934DA0B51A77E74D00674B9A /* ring1.caf */,
				934DA0B61A77E74D00674B9A /* ring2.caf */,
				934DA0B71A77E74D00674B9A /* ring11.caf */,
			);
			name = Ringtones;
			sourceTree = "<group>";
		};
		93FD203C1A22360B009746C5 /* TCP */ = {
			isa = PBXGroup;
			children = (
				93FD20451A224E09009746C5 /* DDLog.h */,
				93FD20461A224E09009746C5 /* DDLog.m */,
				93FD20421A224B66009746C5 /* GCDAsyncUdpSocket.h */,
				93FD20431A224B66009746C5 /* GCDAsyncUdpSocket.m */,
			);
			name = TCP;
			sourceTree = "<group>";
		};
		93FD5BC319B64E4400C45491 /* Formsheets */ = {
			isa = PBXGroup;
			children = (
				93FD5BC419B64E6D00C45491 /* rcktColorFormsheet.h */,
				93FD5BC519B64E6D00C45491 /* rcktColorFormsheet.m */,
				930FEF2F19B78B9C001AC958 /* rcktColorPickerView.h */,
				930FEF3019B78B9C001AC958 /* rcktColorPickerView.m */,
				93ECE38919B792E0007A92EC /* rcktDeviceTokenFormsheet.h */,
				93ECE38A19B792E0007A92EC /* rcktDeviceTokenFormsheet.m */,
				9356564119B8E3C7006B4386 /* rcktSaveSceneFormsheet.h */,
				9356564219B8E3C7006B4386 /* rcktSaveSceneFormsheet.m */,
				93C90F8D19D4B931002E21A2 /* rcktDeviceFormsheet.h */,
				93C90F8E19D4B931002E21A2 /* rcktDeviceFormsheet.m */,
				93FD20361A221D6C009746C5 /* rcktDoorbellFormSheet.h */,
				93FD20371A221D6C009746C5 /* rcktDoorbellFormSheet.m */,
				93AC1A261A8412B90089BA7D /* rcktCameraFormSheet.h */,
				93AC1A271A8412B90089BA7D /* rcktCameraFormSheet.m */,
			);
			name = Formsheets;
			sourceTree = "<group>";
		};
		93FE275419576A1C00977594 = {
			isa = PBXGroup;
			children = (
				93FD20481A225BB3009746C5 /* James.entitlements */,
				93FE276619576A1C00977594 /* rckt */,
				93FE275F19576A1C00977594 /* Frameworks */,
				93FE275E19576A1C00977594 /* Products */,
			);
			sourceTree = "<group>";
		};
		93FE275E19576A1C00977594 /* Products */ = {
			isa = PBXGroup;
			children = (
				93FE275D19576A1C00977594 /* James.app */,
				93FE277E19576A1C00977594 /* JamesTests.xctest */,
			);
			name = Products;
			sourceTree = "<group>";
		};
		93FE275F19576A1C00977594 /* Frameworks */ = {
			isa = PBXGroup;
			children = (
				935990701A9A195D0035F4CA /* Security.framework */,
				935990681A9A159A0035F4CA /* libcommonCrypto.dylib */,
				933F304D1A7C1E8900392723 /* MediaPlayer.framework */,
				93FD20401A2245E0009746C5 /* CFNetwork.framework */,
				932D79E41A1FD473004721C1 /* AVFoundation.framework */,
				9308BED919771E7B003EE093 /* QuartzCore.framework */,
				93FE276019576A1C00977594 /* Foundation.framework */,
				93FE276219576A1C00977594 /* CoreGraphics.framework */,
				93FE276419576A1C00977594 /* UIKit.framework */,
				93FE277F19576A1C00977594 /* XCTest.framework */,
			);
			name = Frameworks;
			sourceTree = "<group>";
		};
		93FE276619576A1C00977594 /* rckt */ = {
			isa = PBXGroup;
			children = (
				9303E9D319609B1700BAF3B2 /* Images */,
				93FD203B1A2233ED009746C5 /* Ringtones */,
				93FD203C1A22360B009746C5 /* TCP */,
				93F7CE481975A8E600F4E8C7 /* Library */,
				9307EAA3195B52540050BBEC /* James */,
				93FE276F19576A1C00977594 /* rcktAppDelegate.h */,
				93FE277019576A1C00977594 /* rcktAppDelegate.m */,
				93FE277219576A1C00977594 /* Main.storyboard */,
				939DB44819C76B5300BAE483 /* iPhone.storyboard */,
				93FE277819576A1C00977594 /* Images.xcassets */,
				93FE276719576A1C00977594 /* Supporting Files */,
			);
			name = rckt;
			path = James;
			sourceTree = "<group>";
		};
		93FE276719576A1C00977594 /* Supporting Files */ = {
			isa = PBXGroup;
			children = (
				93FE276819576A1C00977594 /* James-Info.plist */,
				93FE276919576A1C00977594 /* InfoPlist.strings */,
				93FE276C19576A1C00977594 /* main.m */,
				93FE276E19576A1C00977594 /* James-Prefix.pch */,
			);
			name = "Supporting Files";
			sourceTree = "<group>";
		};
/* End PBXGroup section */

/* Begin PBXNativeTarget section */
		93FE275C19576A1C00977594 /* James */ = {
			isa = PBXNativeTarget;
			buildConfigurationList = 93FE278F19576A1C00977594 /* Build configuration list for PBXNativeTarget "James" */;
			buildPhases = (
				93FE275919576A1C00977594 /* Sources */,
				93FE275A19576A1C00977594 /* Frameworks */,
				93FE275B19576A1C00977594 /* Resources */,
			);
			buildRules = (
			);
			dependencies = (
			);
			name = James;
			productName = James;
			productReference = 93FE275D19576A1C00977594 /* James.app */;
			productType = "com.apple.product-type.application";
		};
		93FE277D19576A1C00977594 /* JamesTests */ = {
			isa = PBXNativeTarget;
			buildConfigurationList = 93FE279219576A1C00977594 /* Build configuration list for PBXNativeTarget "JamesTests" */;
			buildPhases = (
				93FE277A19576A1C00977594 /* Sources */,
				93FE277B19576A1C00977594 /* Frameworks */,
				93FE277C19576A1C00977594 /* Resources */,
			);
			buildRules = (
			);
			dependencies = (
				93FE278419576A1C00977594 /* PBXTargetDependency */,
			);
			name = JamesTests;
			productName = JamesTests;
			productReference = 93FE277E19576A1C00977594 /* JamesTests.xctest */;
			productType = "com.apple.product-type.bundle.unit-test";
		};
/* End PBXNativeTarget section */

/* Begin PBXProject section */
		93FE275519576A1C00977594 /* Project object */ = {
			isa = PBXProject;
			attributes = {
				CLASSPREFIX = rckt;
				LastUpgradeCheck = 0510;
				ORGANIZATIONNAME = Rckt;
				TargetAttributes = {
					93FE275C19576A1C00977594 = {
						DevelopmentTeam = X98Q75H3K8;
						SystemCapabilities = {
							com.apple.BackgroundModes = {
								enabled = 1;
							};
							com.apple.DataProtection = {
								enabled = 0;
							};
							com.apple.InterAppAudio = {
								enabled = 0;
							};
						};
					};
				};
			};
			buildConfigurationList = 93FE275819576A1C00977594 /* Build configuration list for PBXProject "James" */;
			compatibilityVersion = "Xcode 3.2";
			developmentRegion = English;
			hasScannedForEncodings = 0;
			knownRegions = (
				en,
				Base,
				ar,
				da,
				de,
				es,
				fr,
				id,
				it,
				ja,
				ko,
				nl,
				pl,
				pt,
				ru,
				sv,
				"zh-Hans",
				"zh-Hant",
			);
			mainGroup = 93FE275419576A1C00977594;
			productRefGroup = 93FE275E19576A1C00977594 /* Products */;
			projectDirPath = "";
			projectRoot = "";
			targets = (
				93FE275C19576A1C00977594 /* James */,
				93FE277D19576A1C00977594 /* JamesTests */,
			);
		};
/* End PBXProject section */

/* Begin PBXResourcesBuildPhase section */
		93FE275B19576A1C00977594 /* Resources */ = {
			isa = PBXResourcesBuildPhase;
			buildActionMask = 2147483647;
			files = (
				934DA0B91A77E74D00674B9A /* ring2.caf in Resources */,
				934DA0AF1A77E70B00674B9A /* settings_icon.png in Resources */,
				934DA0B11A77E70B00674B9A /* switch_icon.png in Resources */,
				934DA0A61A77E70B00674B9A /* area_icon.png in Resources */,
				934DA0A71A77E70B00674B9A /* camera_icon.png in Resources */,
				934DA0B01A77E70B00674B9A /* shade_icon.png in Resources */,
				934DA0AA1A77E70B00674B9A /* Down.png in Resources */,
				934DA0AD1A77E70B00674B9A /* scenario_icon.png in Resources */,
				93FD5C8519B6656F00C45491 /* drcolorpicker-brightnessguide.png in Resources */,
				934DA0AC1A77E70B00674B9A /* Open.png in Resources */,
				934DA0A91A77E70B00674B9A /* doorbell_icon.png in Resources */,
				934DA0BA1A77E74D00674B9A /* ring11.caf in Resources */,
				93FD5C8319B664D700C45491 /* drcolorpicker-colormap.png in Resources */,
				934DA0B21A77E70B00674B9A /* Up.png in Resources */,
				939DB44919C76B5300BAE483 /* iPhone.storyboard in Resources */,
				93FE277919576A1C00977594 /* Images.xcassets in Resources */,
				93FE276B19576A1C00977594 /* InfoPlist.strings in Resources */,
				934DA0B81A77E74D00674B9A /* ring1.caf in Resources */,
				934DA0A81A77E70B00674B9A /* Close.png in Resources */,
				934DA0AB1A77E70B00674B9A /* light_icon.png in Resources */,
				934DA0B41A77E72700674B9A /* rocket.png in Resources */,
				93FE277419576A1C00977594 /* Main.storyboard in Resources */,
				934DA0AE1A77E70B00674B9A /* scene_icon.png in Resources */,
			);
			runOnlyForDeploymentPostprocessing = 0;
		};
		93FE277C19576A1C00977594 /* Resources */ = {
			isa = PBXResourcesBuildPhase;
			buildActionMask = 2147483647;
			files = (
			);
			runOnlyForDeploymentPostprocessing = 0;
		};
/* End PBXResourcesBuildPhase section */

/* Begin PBXSourcesBuildPhase section */
		93FE275919576A1C00977594 /* Sources */ = {
			isa = PBXSourcesBuildPhase;
			buildActionMask = 2147483647;
			files = (
				93082DB51979D53200465F68 /* rcktLightsDetailViewController.m in Sources */,
				9356564319B8E3C7006B4386 /* rcktSaveSceneFormsheet.m in Sources */,
				93206CE21A0F9E8200784062 /* rcktCamerasViewController.m in Sources */,
				9359906F1A9A17880035F4CA /* rcktAES.m in Sources */,
				93082D9D1979B1BD00465F68 /* rckt.m in Sources */,
				9342C23F19D5E8CE005C93E6 /* rcktSettingsDevicesViewController.m in Sources */,
				93250D081A654BBB00C2AAB6 /* rcktMessageTableViewCell.m in Sources */,
				93FE277119576A1C00977594 /* rcktAppDelegate.m in Sources */,
				93FD20441A224B66009746C5 /* GCDAsyncUdpSocket.m in Sources */,
				930D6FB4197851810073D6BD /* rcktStringTableViewCell.m in Sources */,
				939DB44C19C771BD00BAE483 /* rcktRootCollectionViewController.m in Sources */,
				930BAE6219B8D0D3008447E3 /* rcktSceneTableViewCell.m in Sources */,
				93FE276D19576A1C00977594 /* main.m in Sources */,
				93082DB21979CE9E00465F68 /* rcktSettingsDetailViewController.m in Sources */,
				93ECE38B19B792E0007A92EC /* rcktDeviceTokenFormsheet.m in Sources */,
				930D6FBD197873730073D6BD /* rcktRootTableViewController.m in Sources */,
				93C90F8F19D4B931002E21A2 /* rcktDeviceFormsheet.m in Sources */,
				93AC1A281A8412B90089BA7D /* rcktCameraFormSheet.m in Sources */,
				933FE7C81A67127F003418AD /* rcktSwitchTableViewCell.m in Sources */,
				93FD5BC619B64E6D00C45491 /* rcktColorFormsheet.m in Sources */,
				93010E3A19BA168D00751375 /* rcktPickerTableViewCell.m in Sources */,
				930FEF3119B78B9C001AC958 /* rcktColorPickerView.m in Sources */,
				936706E91A6EE3F3000C3E4B /* rcktShadesViewController.m in Sources */,
				9308E8F719B39E8C00756CC6 /* rcktLightTableViewCell.m in Sources */,
				9303E9D21960997E00BAF3B2 /* rcktSplashViewController.m in Sources */,
				93FD20471A224E09009746C5 /* DDLog.m in Sources */,
				93082DA81979C40E00465F68 /* rcktLabelTableViewCell.m in Sources */,
				93F672FE19AF9D7C009DE745 /* rcktMasterNavAreasTableViewController.m in Sources */,
				936706EC1A6EE860000C3E4B /* rcktShadeTableViewCell.m in Sources */,
				93082DBE1979D55E00465F68 /* rcktScenariosDetailViewController.m in Sources */,
				93250D051A6542C900C2AAB6 /* rcktDoorbellViewController.m in Sources */,
				9348ACBA1A72C3CF00F7CE43 /* rcktCameraCollectionViewCell.m in Sources */,
				93FD20381A221D6C009746C5 /* rcktDoorbellFormSheet.m in Sources */,
				939DB45019C774B800BAE483 /* rcktLabelCollectionViewCell.m in Sources */,
			);
			runOnlyForDeploymentPostprocessing = 0;
		};
		93FE277A19576A1C00977594 /* Sources */ = {
			isa = PBXSourcesBuildPhase;
			buildActionMask = 2147483647;
			files = (
			);
			runOnlyForDeploymentPostprocessing = 0;
		};
/* End PBXSourcesBuildPhase section */

/* Begin PBXTargetDependency section */
		93FE278419576A1C00977594 /* PBXTargetDependency */ = {
			isa = PBXTargetDependency;
			target = 93FE275C19576A1C00977594 /* James */;
			targetProxy = 93FE278319576A1C00977594 /* PBXContainerItemProxy */;
		};
/* End PBXTargetDependency section */

/* Begin PBXVariantGroup section */
		93FE276919576A1C00977594 /* InfoPlist.strings */ = {
			isa = PBXVariantGroup;
			children = (
				93FE276A19576A1C00977594 /* en */,
			);
			name = InfoPlist.strings;
			sourceTree = "<group>";
		};
		93FE277219576A1C00977594 /* Main.storyboard */ = {
			isa = PBXVariantGroup;
			children = (
				93FE277319576A1C00977594 /* Base */,
			);
			name = Main.storyboard;
			sourceTree = "<group>";
			usesTabs = 0;
		};
/* End PBXVariantGroup section */

/* Begin XCBuildConfiguration section */
		93FE278D19576A1C00977594 /* Debug */ = {
			isa = XCBuildConfiguration;
			buildSettings = {
				ALWAYS_SEARCH_USER_PATHS = NO;
				CLANG_CXX_LANGUAGE_STANDARD = "gnu++0x";
				CLANG_CXX_LIBRARY = "libc++";
				CLANG_ENABLE_MODULES = YES;
				CLANG_ENABLE_OBJC_ARC = YES;
				CLANG_WARN_BOOL_CONVERSION = YES;
				CLANG_WARN_CONSTANT_CONVERSION = YES;
				CLANG_WARN_DIRECT_OBJC_ISA_USAGE = YES_ERROR;
				CLANG_WARN_EMPTY_BODY = YES;
				CLANG_WARN_ENUM_CONVERSION = YES;
				CLANG_WARN_INT_CONVERSION = YES;
				CLANG_WARN_OBJC_ROOT_CLASS = YES_ERROR;
				CLANG_WARN__DUPLICATE_METHOD_MATCH = YES;
				"CODE_SIGN_IDENTITY[sdk=iphoneos*]" = "iPhone Developer";
				COPY_PHASE_STRIP = NO;
				GCC_C_LANGUAGE_STANDARD = gnu99;
				GCC_DYNAMIC_NO_PIC = NO;
				GCC_OPTIMIZATION_LEVEL = 0;
				GCC_PREPROCESSOR_DEFINITIONS = (
					"DEBUG=1",
					"$(inherited)",
				);
				GCC_SYMBOLS_PRIVATE_EXTERN = NO;
				GCC_WARN_64_TO_32_BIT_CONVERSION = YES;
				GCC_WARN_ABOUT_RETURN_TYPE = YES_ERROR;
				GCC_WARN_UNDECLARED_SELECTOR = YES;
				GCC_WARN_UNINITIALIZED_AUTOS = YES_AGGRESSIVE;
				GCC_WARN_UNUSED_FUNCTION = YES;
				GCC_WARN_UNUSED_VARIABLE = YES;
				IPHONEOS_DEPLOYMENT_TARGET = 7.1;
				ONLY_ACTIVE_ARCH = YES;
				SDKROOT = iphoneos;
				TARGETED_DEVICE_FAMILY = 2;
			};
			name = Debug;
		};
		93FE278E19576A1C00977594 /* Release */ = {
			isa = XCBuildConfiguration;
			buildSettings = {
				ALWAYS_SEARCH_USER_PATHS = NO;
				CLANG_CXX_LANGUAGE_STANDARD = "gnu++0x";
				CLANG_CXX_LIBRARY = "libc++";
				CLANG_ENABLE_MODULES = YES;
				CLANG_ENABLE_OBJC_ARC = YES;
				CLANG_WARN_BOOL_CONVERSION = YES;
				CLANG_WARN_CONSTANT_CONVERSION = YES;
				CLANG_WARN_DIRECT_OBJC_ISA_USAGE = YES_ERROR;
				CLANG_WARN_EMPTY_BODY = YES;
				CLANG_WARN_ENUM_CONVERSION = YES;
				CLANG_WARN_INT_CONVERSION = YES;
				CLANG_WARN_OBJC_ROOT_CLASS = YES_ERROR;
				CLANG_WARN__DUPLICATE_METHOD_MATCH = YES;
				"CODE_SIGN_IDENTITY[sdk=iphoneos*]" = "iPhone Developer";
				COPY_PHASE_STRIP = YES;
				ENABLE_NS_ASSERTIONS = NO;
				GCC_C_LANGUAGE_STANDARD = gnu99;
				GCC_WARN_64_TO_32_BIT_CONVERSION = YES;
				GCC_WARN_ABOUT_RETURN_TYPE = YES_ERROR;
				GCC_WARN_UNDECLARED_SELECTOR = YES;
				GCC_WARN_UNINITIALIZED_AUTOS = YES_AGGRESSIVE;
				GCC_WARN_UNUSED_FUNCTION = YES;
				GCC_WARN_UNUSED_VARIABLE = YES;
				IPHONEOS_DEPLOYMENT_TARGET = 7.1;
				SDKROOT = iphoneos;
				TARGETED_DEVICE_FAMILY = 2;
				VALIDATE_PRODUCT = YES;
			};
			name = Release;
		};
		93FE279019576A1C00977594 /* Debug */ = {
			isa = XCBuildConfiguration;
			buildSettings = {
				ASSETCATALOG_COMPILER_APPICON_NAME = AppIcon;
				ASSETCATALOG_COMPILER_LAUNCHIMAGE_NAME = LaunchImage;
				CODE_SIGN_IDENTITY = "iPhone Developer";
				"CODE_SIGN_IDENTITY[sdk=iphoneos*]" = "iPhone Developer";
				GCC_PRECOMPILE_PREFIX_HEADER = YES;
				GCC_PREFIX_HEADER = "James/James-Prefix.pch";
				INFOPLIST_FILE = "James/James-Info.plist";
				IPHONEOS_DEPLOYMENT_TARGET = 7.1;
				LIBRARY_SEARCH_PATHS = (
					"$(inherited)",
					"$(SDKROOT)/usr/lib/system",
				);
				PRODUCT_NAME = "$(TARGET_NAME)";
				PROVISIONING_PROFILE = "";
				TARGETED_DEVICE_FAMILY = "1,2";
				WRAPPER_EXTENSION = app;
			};
			name = Debug;
		};
		93FE279119576A1C00977594 /* Release */ = {
			isa = XCBuildConfiguration;
			buildSettings = {
				ASSETCATALOG_COMPILER_APPICON_NAME = AppIcon;
				ASSETCATALOG_COMPILER_LAUNCHIMAGE_NAME = LaunchImage;
				CODE_SIGN_IDENTITY = "iPhone Developer";
				"CODE_SIGN_IDENTITY[sdk=iphoneos*]" = "iPhone Developer";
				GCC_PRECOMPILE_PREFIX_HEADER = YES;
				GCC_PREFIX_HEADER = "James/James-Prefix.pch";
				INFOPLIST_FILE = "James/James-Info.plist";
				IPHONEOS_DEPLOYMENT_TARGET = 7.1;
				LIBRARY_SEARCH_PATHS = (
					"$(inherited)",
					"$(SDKROOT)/usr/lib/system",
				);
				PRODUCT_NAME = "$(TARGET_NAME)";
				PROVISIONING_PROFILE = "";
				TARGETED_DEVICE_FAMILY = "1,2";
				WRAPPER_EXTENSION = app;
			};
			name = Release;
		};
		93FE279319576A1C00977594 /* Debug */ = {
			isa = XCBuildConfiguration;
			buildSettings = {
				FRAMEWORK_SEARCH_PATHS = (
					"$(SDKROOT)/Developer/Library/Frameworks",
					"$(inherited)",
					"$(DEVELOPER_FRAMEWORKS_DIR)",
				);
				GCC_PRECOMPILE_PREFIX_HEADER = YES;
				GCC_PREFIX_HEADER = "James/James-Prefix.pch";
				GCC_PREPROCESSOR_DEFINITIONS = (
					"DEBUG=1",
					"$(inherited)",
				);
				INFOPLIST_FILE = "JamesTests/JamesTests-Info.plist";
				PRODUCT_NAME = "$(TARGET_NAME)";
				WRAPPER_EXTENSION = xctest;
			};
			name = Debug;
		};
		93FE279419576A1C00977594 /* Release */ = {
			isa = XCBuildConfiguration;
			buildSettings = {
				FRAMEWORK_SEARCH_PATHS = (
					"$(SDKROOT)/Developer/Library/Frameworks",
					"$(inherited)",
					"$(DEVELOPER_FRAMEWORKS_DIR)",
				);
				GCC_PRECOMPILE_PREFIX_HEADER = YES;
				GCC_PREFIX_HEADER = "James/James-Prefix.pch";
				INFOPLIST_FILE = "JamesTests/JamesTests-Info.plist";
				PRODUCT_NAME = "$(TARGET_NAME)";
				WRAPPER_EXTENSION = xctest;
			};
			name = Release;
		};
/* End XCBuildConfiguration section */

/* Begin XCConfigurationList section */
		93FE275819576A1C00977594 /* Build configuration list for PBXProject "James" */ = {
			isa = XCConfigurationList;
			buildConfigurations = (
				93FE278D19576A1C00977594 /* Debug */,
				93FE278E19576A1C00977594 /* Release */,
			);
			defaultConfigurationIsVisible = 0;
			defaultConfigurationName = Release;
		};
		93FE278F19576A1C00977594 /* Build configuration list for PBXNativeTarget "James" */ = {
			isa = XCConfigurationList;
			buildConfigurations = (
				93FE279019576A1C00977594 /* Debug */,
				93FE279119576A1C00977594 /* Release */,
			);
			defaultConfigurationIsVisible = 0;
			defaultConfigurationName = Release;
		};
		93FE279219576A1C00977594 /* Build configuration list for PBXNativeTarget "JamesTests" */ = {
			isa = XCConfigurationList;
			buildConfigurations = (
				93FE279319576A1C00977594 /* Debug */,
				93FE279419576A1C00977594 /* Release */,
			);
			defaultConfigurationIsVisible = 0;
			defaultConfigurationName = Release;
		};
/* End XCConfigurationList section */
	};
	rootObject = 93FE275519576A1C00977594 /* Project object */;
}
